
Microsoft Visual Studio Solution File, Format Version 12.00
# Visual Studio Version 17
VisualStudioVersion = 17.7.34009.444
MinimumVisualStudioVersion = 10.0.40219.1
Project("{FAE04EC0-301F-11D3-BF4B-00C04F79EFBC}") = "WebApiAdvance", "WebApiAdvance.csproj", "{24191082-FFC9-45CA-9A46-94B6C9ECF923}"
EndProject
Global
	GlobalSection(SolutionConfigurationPlatforms) = preSolution
		Debug|Any CPU = Debug|Any CPU
		Release|Any CPU = Release|Any CPU
	EndGlobalSection
	GlobalSection(ProjectConfigurationPlatforms) = postSolution
		{24191082-FFC9-45CA-9A46-94B6C9ECF923}.Debug|Any CPU.ActiveCfg = Debug|Any CPU
		{24191082-FFC9-45CA-9A46-94B6C9ECF923}.Debug|Any CPU.Build.0 = Debug|Any CPU
		{24191082-FFC9-45CA-9A46-94B6C9ECF923}.Release|Any CPU.ActiveCfg = Release|Any CPU
		{24191082-FFC9-45CA-9A46-94B6C9ECF923}.Release|Any CPU.Build.0 = Release|Any CPU
	EndGlobalSection
	GlobalSection(SolutionProperties) = preSolution
		HideSolutionNode = FALSE
	EndGlobalSection
	GlobalSection(ExtensibilityGlobals) = postSolution
		SolutionGuid = {885E0B4F-80C2-472A-B991-0C402A4FEF9B}
	EndGlobalSection
EndGlobal
